
Microsoft Visual Studio Solution File, Format Version 12.00
# Visual Studio 2013
VisualStudioVersion = 12.0.30501.0
MinimumVisualStudioVersion = 10.0.40219.1
Project("{2150E333-8FDC-42A3-9474-1A3956D46DE8}") = "FootballAnalyzer", "FootballAnalyzer", "{0FE2019D-DF46-4F7F-A658-518571A45BDB}"
EndProject
Project("{D954291E-2A0B-460D-934E-DC6B0785DB48}") = "FootballAnalyzer.Shared", "FootballAnalyzer\FootballAnalyzer.Shared\FootballAnalyzer.Shared.shproj", "{893F63DC-83B9-44EA-A3CD-28CB01C91DFC}"
EndProject
Project("{FAE04EC0-301F-11D3-BF4B-00C04F79EFBC}") = "FootballAnalyzer.Windows", "FootballAnalyzer\FootballAnalyzer.Windows\FootballAnalyzer.Windows.csproj", "{D1C1BC91-6455-4716-B78B-2E3CF70D64B3}"
EndProject
Project("{FAE04EC0-301F-11D3-BF4B-00C04F79EFBC}") = "FootballAnalyzer.WindowsPhone", "FootballAnalyzer\FootballAnalyzer.WindowsPhone\FootballAnalyzer.WindowsPhone.csproj", "{E366C828-FFB5-4715-A214-E440660199E5}"
EndProject
Global
	GlobalSection(SharedMSBuildProjectFiles) = preSolution
		FootballAnalyzer\FootballAnalyzer.Shared\FootballAnalyzer.Shared.projitems*{d1c1bc91-6455-4716-b78b-2e3cf70d64b3}*SharedItemsImports = 4
		FootballAnalyzer\FootballAnalyzer.Shared\FootballAnalyzer.Shared.projitems*{e366c828-ffb5-4715-a214-e440660199e5}*SharedItemsImports = 4
		FootballAnalyzer\FootballAnalyzer.Shared\FootballAnalyzer.Shared.projitems*{893f63dc-83b9-44ea-a3cd-28cb01c91dfc}*SharedItemsImports = 13
	EndGlobalSection
	GlobalSection(SolutionConfigurationPlatforms) = preSolution
		Debug|Any CPU = Debug|Any CPU
		Debug|ARM = Debug|ARM
		Debug|x64 = Debug|x64
		Debug|x86 = Debug|x86
		Release|Any CPU = Release|Any CPU
		Release|ARM = Release|ARM
		Release|x64 = Release|x64
		Release|x86 = Release|x86
	EndGlobalSection
	GlobalSection(ProjectConfigurationPlatforms) = postSolution
		{D1C1BC91-6455-4716-B78B-2E3CF70D64B3}.Debug|Any CPU.ActiveCfg = Debug|Any CPU
		{D1C1BC91-6455-4716-B78B-2E3CF70D64B3}.Debug|Any CPU.Build.0 = Debug|Any CPU
		{D1C1BC91-6455-4716-B78B-2E3CF70D64B3}.Debug|Any CPU.Deploy.0 = Debug|Any CPU
		{D1C1BC91-6455-4716-B78B-2E3CF70D64B3}.Debug|ARM.ActiveCfg = Debug|ARM
		{D1C1BC91-6455-4716-B78B-2E3CF70D64B3}.Debug|ARM.Build.0 = Debug|ARM
		{D1C1BC91-6455-4716-B78B-2E3CF70D64B3}.Debug|ARM.Deploy.0 = Debug|ARM
		{D1C1BC91-6455-4716-B78B-2E3CF70D64B3}.Debug|x64.ActiveCfg = Debug|x64
		{D1C1BC91-6455-4716-B78B-2E3CF70D64B3}.Debug|x64.Build.0 = Debug|x64
		{D1C1BC91-6455-4716-B78B-2E3CF70D64B3}.Debug|x64.Deploy.0 = Debug|x64
		{D1C1BC91-6455-4716-B78B-2E3CF70D64B3}.Debug|x86.ActiveCfg = Debug|x86
		{D1C1BC91-6455-4716-B78B-2E3CF70D64B3}.Debug|x86.Build.0 = Debug|x86
		{D1C1BC91-6455-4716-B78B-2E3CF70D64B3}.Debug|x86.Deploy.0 = Debug|x86
		{D1C1BC91-6455-4716-B78B-2E3CF70D64B3}.Release|Any CPU.ActiveCfg = Release|Any CPU
		{D1C1BC91-6455-4716-B78B-2E3CF70D64B3}.Release|Any CPU.Build.0 = Release|Any CPU
		{D1C1BC91-6455-4716-B78B-2E3CF70D64B3}.Release|Any CPU.Deploy.0 = Release|Any CPU
		{D1C1BC91-6455-4716-B78B-2E3CF70D64B3}.Release|ARM.ActiveCfg = Release|ARM
		{D1C1BC91-6455-4716-B78B-2E3CF70D64B3}.Release|ARM.Build.0 = Release|ARM
		{D1C1BC91-6455-4716-B78B-2E3CF70D64B3}.Release|ARM.Deploy.0 = Release|ARM
		{D1C1BC91-6455-4716-B78B-2E3CF70D64B3}.Release|x64.ActiveCfg = Release|x64
		{D1C1BC91-6455-4716-B78B-2E3CF70D64B3}.Release|x64.Build.0 = Release|x64
		{D1C1BC91-6455-4716-B78B-2E3CF70D64B3}.Release|x64.Deploy.0 = Release|x64
		{D1C1BC91-6455-4716-B78B-2E3CF70D64B3}.Release|x86.ActiveCfg = Release|x86
		{D1C1BC91-6455-4716-B78B-2E3CF70D64B3}.Release|x86.Build.0 = Release|x86
		{D1C1BC91-6455-4716-B78B-2E3CF70D64B3}.Release|x86.Deploy.0 = Release|x86
		{E366C828-FFB5-4715-A214-E440660199E5}.Debug|Any CPU.ActiveCfg = Debug|Any CPU
		{E366C828-FFB5-4715-A214-E440660199E5}.Debug|Any CPU.Build.0 = Debug|Any CPU
		{E366C828-FFB5-4715-A214-E440660199E5}.Debug|Any CPU.Deploy.0 = Debug|Any CPU
		{E366C828-FFB5-4715-A214-E440660199E5}.Debug|ARM.ActiveCfg = Debug|ARM
		{E366C828-FFB5-4715-A214-E440660199E5}.Debug|ARM.Build.0 = Debug|ARM
		{E366C828-FFB5-4715-A214-E440660199E5}.Debug|ARM.Deploy.0 = Debug|ARM
		{E366C828-FFB5-4715-A214-E440660199E5}.Debug|x64.ActiveCfg = Debug|Any CPU
		{E366C828-FFB5-4715-A214-E440660199E5}.Debug|x86.ActiveCfg = Debug|x86
		{E366C828-FFB5-4715-A214-E440660199E5}.Debug|x86.Build.0 = Debug|x86
		{E366C828-FFB5-4715-A214-E440660199E5}.Debug|x86.Deploy.0 = Debug|x86
		{E366C828-FFB5-4715-A214-E440660199E5}.Release|Any CPU.ActiveCfg = Release|Any CPU
		{E366C828-FFB5-4715-A214-E440660199E5}.Release|Any CPU.Build.0 = Release|Any CPU
		{E366C828-FFB5-4715-A214-E440660199E5}.Release|Any CPU.Deploy.0 = Release|Any CPU
		{E366C828-FFB5-4715-A214-E440660199E5}.Release|ARM.ActiveCfg = Release|ARM
		{E366C828-FFB5-4715-A214-E440660199E5}.Release|ARM.Build.0 = Release|ARM
		{E366C828-FFB5-4715-A214-E440660199E5}.Release|ARM.Deploy.0 = Release|ARM
		{E366C828-FFB5-4715-A214-E440660199E5}.Release|x64.ActiveCfg = Release|Any CPU
		{E366C828-FFB5-4715-A214-E440660199E5}.Release|x86.ActiveCfg = Release|x86
		{E366C828-FFB5-4715-A214-E440660199E5}.Release|x86.Build.0 = Release|x86
		{E366C828-FFB5-4715-A214-E440660199E5}.Release|x86.Deploy.0 = Release|x86
	EndGlobalSection
	GlobalSection(SolutionProperties) = preSolution
		HideSolutionNode = FALSE
	EndGlobalSection
	GlobalSection(NestedProjects) = preSolution
		{893F63DC-83B9-44EA-A3CD-28CB01C91DFC} = {0FE2019D-DF46-4F7F-A658-518571A45BDB}
		{D1C1BC91-6455-4716-B78B-2E3CF70D64B3} = {0FE2019D-DF46-4F7F-A658-518571A45BDB}
		{E366C828-FFB5-4715-A214-E440660199E5} = {0FE2019D-DF46-4F7F-A658-518571A45BDB}
	EndGlobalSection
EndGlobal
